{
  "name": "clappr-security-text",
  "version": "1.0.1",
  "lockfileVersion": 1,
  "requires": true,
  "dependencies": {
    "clappr": {
      "version": "0.3.13",
      "resolved": "https://registry.npmjs.org/clappr/-/clappr-0.3.13.tgz",
      "integrity": "sha512-cAtGhtSAYIavKqVQb/wX5pB9twb/W7gFUGBaGHy6dbpUqCtCmtH0Eu05rNSwtbaREWgSTUJyEMTgaNSZ/62KlQ=="
    }
  }
}
