# THIS IS AN AUTOGENERATED FILE. DO NOT EDIT THIS FILE DIRECTLY.
# yarn lockfile v1


clappr@^0.3.13:
  version "0.3.13"
  resolved "https://registry.yarnpkg.com/clappr/-/clappr-0.3.13.tgz#e2eacc37cb85024b7f73c0e0fcb4de52d0f15d7f"
  integrity sha512-cAtGhtSAYIavKqVQb/wX5pB9twb/W7gFUGBaGHy6dbpUqCtCmtH0Eu05rNSwtbaREWgSTUJyEMTgaNSZ/62KlQ==
